
Microsoft Visual Studio Solution File, Format Version 12.00
# Visual Studio Version 17
VisualStudioVersion = 17.11.35431.28
MinimumVisualStudioVersion = 10.0.40219.1
Project("{FAE04EC0-301F-11D3-BF4B-00C04F79EFBC}") = "gostinitsaWk", "gostinitsaWk.csproj", "{5CFF242D-6D7A-492A-B2D7-D222FDA9C77D}"
EndProject
Global
	GlobalSection(SolutionConfigurationPlatforms) = preSolution
		Debug|Any CPU = Debug|Any CPU
		Debug|x64 = Debug|x64
		Release|Any CPU = Release|Any CPU
		Release|x64 = Release|x64
	EndGlobalSection
	GlobalSection(ProjectConfigurationPlatforms) = postSolution
		{5CFF242D-6D7A-492A-B2D7-D222FDA9C77D}.Debug|Any CPU.ActiveCfg = Debug|Any CPU
		{5CFF242D-6D7A-492A-B2D7-D222FDA9C77D}.Debug|Any CPU.Build.0 = Debug|Any CPU
		{5CFF242D-6D7A-492A-B2D7-D222FDA9C77D}.Debug|x64.ActiveCfg = Debug|x64
		{5CFF242D-6D7A-492A-B2D7-D222FDA9C77D}.Debug|x64.Build.0 = Debug|x64
		{5CFF242D-6D7A-492A-B2D7-D222FDA9C77D}.Release|Any CPU.ActiveCfg = Release|Any CPU
		{5CFF242D-6D7A-492A-B2D7-D222FDA9C77D}.Release|Any CPU.Build.0 = Release|Any CPU
		{5CFF242D-6D7A-492A-B2D7-D222FDA9C77D}.Release|x64.ActiveCfg = Release|x64
		{5CFF242D-6D7A-492A-B2D7-D222FDA9C77D}.Release|x64.Build.0 = Release|x64
	EndGlobalSection
	GlobalSection(SolutionProperties) = preSolution
		HideSolutionNode = FALSE
	EndGlobalSection
	GlobalSection(ExtensibilityGlobals) = postSolution
		SolutionGuid = {75B62A88-3D61-4AF1-BCC7-B22B1296EC1A}
	EndGlobalSection
EndGlobal
